github.com/withObsrvr/pluginapi v0.0.0-20250223142012-7ad7945a017b h1:TpFrXsnW2tqIPBttbkCkzoiSOVcaUGa64TXzvbDv8qs=
github.com/withObsrvr/pluginapi v0.0.0-20250223142012-7ad7945a017b/go.mod h1:dzems7mHyIuePyWboSsSrRwyroiV1hIf7vFvtL+RJXE=
github.com/zeromq/goczmq v4.1.0+incompatible h1:cGVQaU6kIwwrGso0Pgbl84tzAz/h7FJ3wYQjSonjFFc=
github.com/zeromq/goczmq v4.1.0+incompatible/go.mod h1:1uZybAJoSRCvZMH2rZxEwWBSmC4T7CB/xQOfChwPEzg=
